
Microsoft Visual Studio Solution File, Format Version 12.00
# Visual Studio Version 17
VisualStudioVersion = 17.14.36717.8 d17.14
MinimumVisualStudioVersion = 10.0.40219.1
Project("{FAE04EC0-301F-11D3-BF4B-00C04F79EFBC}") = "Web-Ecommarce", "Web-Ecommarce\Web-Ecommarce.csproj", "{D7199009-F594-46A0-A58B-FF70448A7918}"
EndProject
Global
	GlobalSection(SolutionConfigurationPlatforms) = preSolution
		Debug|Any CPU = Debug|Any CPU
		Release|Any CPU = Release|Any CPU
	EndGlobalSection
	GlobalSection(ProjectConfigurationPlatforms) = postSolution
		{D7199009-F594-46A0-A58B-FF70448A7918}.Debug|Any CPU.ActiveCfg = Debug|Any CPU
		{D7199009-F594-46A0-A58B-FF70448A7918}.Debug|Any CPU.Build.0 = Debug|Any CPU
		{D7199009-F594-46A0-A58B-FF70448A7918}.Release|Any CPU.ActiveCfg = Release|Any CPU
		{D7199009-F594-46A0-A58B-FF70448A7918}.Release|Any CPU.Build.0 = Release|Any CPU
	EndGlobalSection
	GlobalSection(SolutionProperties) = preSolution
		HideSolutionNode = FALSE
	EndGlobalSection
	GlobalSection(ExtensibilityGlobals) = postSolution
		SolutionGuid = {455D9F3F-7614-4EF1-88BD-C0CA352EA814}
	EndGlobalSection
EndGlobal
